<?xml version="1.0" encoding="utf-8"?>
<Project ToolsVersion="4.0" xmlns="http://schemas.microsoft.com/developer/msbuild/2003">
  <ItemGroup>
    <Filter Include="Data">
      <UniqueIdentifier>{b6c1b352-9672-4ad7-86e3-981356882677}</UniqueIdentifier>
    </Filter>
    <Filter Include="Bot">
      <UniqueIdentifier>{5a4a0f50-ada6-4ac8-ba6b-348d1e4572f5}</UniqueIdentifier>
    </Filter>
    <Filter Include="Game">
      <UniqueIdentifier>{876d0db7-5f28-43a5-82b8-ea02e2179740}</UniqueIdentifier>
    </Filter>
    <Filter Include="Game\Map">
      <UniqueIdentifier>{9d37a5b0-e602-46fa-8203-47924d789067}</UniqueIdentifier>
    </Filter>
    <Filter Include="Game\Navmesh">
      <UniqueIdentifier>{00398c68-51cc-4d32-b156-2885110ea885}</UniqueIdentifier>
    </Filter>
    <Filter Include="Bot\Pac">
      <UniqueIdentifier>{44161a8d-15b9-49f7-ab9e-86d9ba7e0468}</UniqueIdentifier>
    </Filter>
    <Filter Include="Bot\Pathfinding">
      <UniqueIdentifier>{827625c0-3f79-4be4-92aa-333e837470aa}</UniqueIdentifier>
    </Filter>
    <Filter Include="Bot\Strategy">
      <UniqueIdentifier>{055c5ca0-561a-49dc-a428-8751b36259e8}</UniqueIdentifier>
    </Filter>
    <Filter Include="Bot\Strategy\Heuristics">
      <UniqueIdentifier>{e3cee04d-def9-4cdb-90bd-3b85c548c09f}</UniqueIdentifier>
    </Filter>
    <Filter Include="Bot\Strategy\Heuristics\Types">
      <UniqueIdentifier>{bff31e86-e803-4c49-830f-23a1d2e83ea5}</UniqueIdentifier>
    </Filter>
  </ItemGroup>
  <ItemGroup>
    <ClInclude Include="InputData.h">
      <Filter>Data</Filter>
    </ClInclude>
    <ClInclude Include="Core_PCH.h" />
    <ClInclude Include="Bot.h">
      <Filter>Bot</Filter>
    </ClInclude>
    <ClInclude Include="OutputData.h">
      <Filter>Data</Filter>
    </ClInclude>
    <ClInclude Include="OutputCommand.h">
      <Filter>Data</Filter>
    </ClInclude>
    <ClInclude Include="CommandHelper.h">
      <Filter>Game</Filter>
    </ClInclude>
    <ClInclude Include="Cell.h">
      <Filter>Game\Map</Filter>
    </ClInclude>
    <ClInclude Include="GameConfig.h">
      <Filter>Game</Filter>
    </ClInclude>
    <ClInclude Include="Map.h">
      <Filter>Game\Map</Filter>
    </ClInclude>
    <ClInclude Include="MapHelper.h">
      <Filter>Game\Map</Filter>
    </ClInclude>
    <ClInclude Include="GameGrid2D.h">
      <Filter>Game</Filter>
    </ClInclude>
    <ClInclude Include="NavmeshNode.h">
      <Filter>Game\Navmesh</Filter>
    </ClInclude>
    <ClInclude Include="NavmeshEdge.h">
      <Filter>Game\Navmesh</Filter>
    </ClInclude>
    <ClInclude Include="Navmesh.h">
      <Filter>Game\Navmesh</Filter>
    </ClInclude>
    <ClInclude Include="InputDataMap.h">
      <Filter>Data</Filter>
    </ClInclude>
    <ClInclude Include="PacEntity.h">
      <Filter>Bot\Pac</Filter>
    </ClInclude>
    <ClInclude Include="PacGoal.h">
      <Filter>Bot\Pac</Filter>
    </ClInclude>
    <ClInclude Include="PacAction.h">
      <Filter>Bot\Pac</Filter>
    </ClInclude>
    <ClInclude Include="EPacType.h">
      <Filter>Bot\Pac</Filter>
    </ClInclude>
    <ClInclude Include="PacHelper.h">
      <Filter>Bot\Pac</Filter>
    </ClInclude>
    <ClInclude Include="BotImpl.h">
      <Filter>Bot</Filter>
    </ClInclude>
    <ClInclude Include="Pathfinding.h">
      <Filter>Bot\Pathfinding</Filter>
    </ClInclude>
    <ClInclude Include="PathfindingConfigs.h">
      <Filter>Bot\Pathfinding</Filter>
    </ClInclude>
    <ClInclude Include="EHeuristicsType.h">
      <Filter>Bot\Strategy\Heuristics</Filter>
    </ClInclude>
    <ClInclude Include="StrategyHelper.h">
      <Filter>Bot\Strategy</Filter>
    </ClInclude>
    <ClInclude Include="StrategyEvalResult.h">
      <Filter>Bot\Strategy</Filter>
    </ClInclude>
    <ClInclude Include="StrategyData.h">
      <Filter>Bot\Strategy</Filter>
    </ClInclude>
    <ClInclude Include="StrategyExecutionContext.h">
      <Filter>Bot\Strategy</Filter>
    </ClInclude>
    <ClInclude Include="Strategy.h">
      <Filter>Bot\Strategy</Filter>
    </ClInclude>
    <ClInclude Include="HeuristicsEvalResult.h">
      <Filter>Bot\Strategy\Heuristics</Filter>
    </ClInclude>
    <ClInclude Include="HeuristicsHelper.h">
      <Filter>Bot\Strategy\Heuristics</Filter>
    </ClInclude>
    <ClInclude Include="HeuristicsData.h">
      <Filter>Bot\Strategy\Heuristics</Filter>
    </ClInclude>
    <ClInclude Include="Heuristics_Default.h">
      <Filter>Bot\Strategy\Heuristics\Types</Filter>
    </ClInclude>
    <ClInclude Include="Heuristics_GrabSuper.h">
      <Filter>Bot\Strategy\Heuristics\Types</Filter>
    </ClInclude>
  </ItemGroup>
  <ItemGroup>
    <ClCompile Include="Core_PCH.cpp" />
    <ClCompile Include="Bot.cpp">
      <Filter>Bot</Filter>
    </ClCompile>
    <ClCompile Include="CommandHelper.cpp">
      <Filter>Game</Filter>
    </ClCompile>
    <ClCompile Include="MapHelper.cpp">
      <Filter>Game\Map</Filter>
    </ClCompile>
    <ClCompile Include="Navmesh.cpp">
      <Filter>Game\Navmesh</Filter>
    </ClCompile>
    <ClCompile Include="PacHelper.cpp">
      <Filter>Bot\Pac</Filter>
    </ClCompile>
    <ClCompile Include="BotImpl.cpp">
      <Filter>Bot</Filter>
    </ClCompile>
    <ClCompile Include="Pathfinding.cpp">
      <Filter>Bot\Pathfinding</Filter>
    </ClCompile>
    <ClCompile Include="StrategyHelper.cpp">
      <Filter>Bot\Strategy</Filter>
    </ClCompile>
    <ClCompile Include="HeuristicsHelper.cpp">
      <Filter>Bot\Strategy\Heuristics</Filter>
    </ClCompile>
    <ClCompile Include="Heuristics_Default.cpp">
      <Filter>Bot\Strategy\Heuristics\Types</Filter>
    </ClCompile>
    <ClCompile Include="Heuristics_GrabSuper.cpp">
      <Filter>Bot\Strategy\Heuristics\Types</Filter>
    </ClCompile>
  </ItemGroup>
</Project>